
Microsoft Visual Studio Solution File, Format Version 12.00
# Visual Studio Version 16
VisualStudioVersion = 16.0.30523.141
MinimumVisualStudioVersion = 10.0.40219.1
Project("{FAE04EC0-301F-11D3-BF4B-00C04F79EFBC}") = "Studio7.9", "Studio7.9.csproj", "{DB652A9E-7D88-44F7-98BC-9A918C5B9900}"
EndProject
Global
	GlobalSection(SolutionConfigurationPlatforms) = preSolution
		Debug|Any CPU = Debug|Any CPU
		Release|Any CPU = Release|Any CPU
	EndGlobalSection
	GlobalSection(ProjectConfigurationPlatforms) = postSolution
		{DB652A9E-7D88-44F7-98BC-9A918C5B9900}.Debug|Any CPU.ActiveCfg = Debug|Any CPU
		{DB652A9E-7D88-44F7-98BC-9A918C5B9900}.Debug|Any CPU.Build.0 = Debug|Any CPU
		{DB652A9E-7D88-44F7-98BC-9A918C5B9900}.Release|Any CPU.ActiveCfg = Release|Any CPU
		{DB652A9E-7D88-44F7-98BC-9A918C5B9900}.Release|Any CPU.Build.0 = Release|Any CPU
	EndGlobalSection
	GlobalSection(SolutionProperties) = preSolution
		HideSolutionNode = FALSE
	EndGlobalSection
	GlobalSection(ExtensibilityGlobals) = postSolution
		SolutionGuid = {37A7194A-6D90-4D30-B2D1-2E27021BC435}
	EndGlobalSection
EndGlobal
